github.com/lubeso/hugo-themes-personal v0.0.0-20231118215858-da29d4587e84 h1:Qgmki1RjGqlJdBLvsUWejKThNXIv/xDiIkpAzAl8ppw=
github.com/lubeso/hugo-themes-personal v0.0.0-20231118215858-da29d4587e84/go.mod h1:uadRzKk7LWw4vQUMNUa10oR5yWyqmBo8IIFXdOrnbAg=
github.com/lubeso/hugo-themes-personal v0.0.0-20231210025747-b197d7a7710d h1:W4qY30m2c1oaVWywitMUZdn87KyfkBaxJIT+gnrTAsY=
github.com/lubeso/hugo-themes-personal v0.0.0-20231210025747-b197d7a7710d/go.mod h1:uadRzKk7LWw4vQUMNUa10oR5yWyqmBo8IIFXdOrnbAg=
github.com/lubeso/hugo-themes-personal v0.0.0-20231210070708-458ce4156284 h1:bbzPvZhm8P8ZGq/sICT7GJIKLCMGHkpnjOuDSeQhXzM=
github.com/lubeso/hugo-themes-personal v0.0.0-20231210070708-458ce4156284/go.mod h1:uadRzKk7LWw4vQUMNUa10oR5yWyqmBo8IIFXdOrnbAg=
